%{
  "appsignal": {:hex, :appsignal, "1.13.5", "153ebe929fae8f637d43bf66058efecbb4affc4037caa466d31a236cb3f2e788", [:make, :mix], [{:decorator, "~> 1.2.3 or ~> 1.3", [hex: :decorator, repo: "hexpm", optional: false]}, {:hackney, "~> 1.6", [hex: :hackney, repo: "hexpm", optional: false]}, {:jason, "~> 1.0", [hex: :jason, repo: "hexpm", optional: true]}, {:phoenix, ">= 1.2.0", [hex: :phoenix, repo: "hexpm", optional: true]}, {:phoenix_live_view, "~> 0.9", [hex: :phoenix_live_view, repo: "hexpm", optional: true]}, {:plug, ">= 1.1.0", [hex: :plug, repo: "hexpm", optional: true]}, {:poison, ">= 1.3.0", [hex: :poison, repo: "hexpm", optional: true]}, {:telemetry, "~> 0.4", [hex: :telemetry, repo: "hexpm", optional: false]}], "hexpm", "b8b6847c0d7f8ad03523be0fa6fdd670679ad42d62e2a8b74e599eba0247096c"},
  "bunt": {:hex, :bunt, "0.2.0", "951c6e801e8b1d2cbe58ebbd3e616a869061ddadcc4863d0a2182541acae9a38", [:mix], [], "hexpm", "7af5c7e09fe1d40f76c8e4f9dd2be7cebd83909f31fee7cd0e9eadc567da8353"},
  "certifi": {:hex, :certifi, "2.6.1", "dbab8e5e155a0763eea978c913ca280a6b544bfa115633fa20249c3d396d9493", [:rebar3], [], "hexpm", "524c97b4991b3849dd5c17a631223896272c6b0af446778ba4675a1dff53bb7e"},
  "combine": {:hex, :combine, "0.10.0", "eff8224eeb56498a2af13011d142c5e7997a80c8f5b97c499f84c841032e429f", [:mix], [], "hexpm", "1b1dbc1790073076580d0d1d64e42eae2366583e7aecd455d1215b0d16f2451b"},
  "conduit": {:hex, :conduit, "0.12.10", "48059dae254fa956673ac8a65fc5ecb858816e728f64c4ab5578568ee942256e", [:mix], [{:elixir_uuid, "~> 1.1", [hex: :elixir_uuid, repo: "hexpm", optional: false]}, {:jason, "~> 1.0", [hex: :jason, repo: "hexpm", optional: false]}, {:timex, "~> 3.0", [hex: :timex, repo: "hexpm", optional: false]}], "hexpm", "5a61cc4aa617cdd8fc0b676071ded3027a5f8b076ca116e867f7dfae40c6c879"},
  "coveralls": {:hex, :coveralls, "2.2.0", "7b91a34a8f0ae2333d899d4277de350db9cce264062c6f34f431a8cbfb06d5a7", [:rebar3], [{:jsx, "2.10.0", [hex: :jsx, repo: "hexpm", optional: false]}], "hexpm", "cd54db0aa8c64b539280189c5619ecee13a46a28b0f1cb774544ddcc166204a3"},
  "credo": {:hex, :credo, "1.5.5", "e8f422026f553bc3bebb81c8e8bf1932f498ca03339856c7fec63d3faac8424b", [:mix], [{:bunt, "~> 0.2.0", [hex: :bunt, repo: "hexpm", optional: false]}, {:file_system, "~> 0.2.8", [hex: :file_system, repo: "hexpm", optional: false]}, {:jason, "~> 1.0", [hex: :jason, repo: "hexpm", optional: false]}], "hexpm", "dd8623ab7091956a855dc9f3062486add9c52d310dfd62748779c4315d8247de"},
  "decorator": {:hex, :decorator, "1.4.0", "a57ac32c823ea7e4e67f5af56412d12b33274661bb7640ec7fc882f8d23ac419", [:mix], [], "hexpm", "0a07cedd9083da875c7418dea95b78361197cf2bf3211d743f6f7ce39656597f"},
  "dialyxir": {:hex, :dialyxir, "1.1.0", "c5aab0d6e71e5522e77beff7ba9e08f8e02bad90dfbeffae60eaf0cb47e29488", [:mix], [{:erlex, ">= 0.2.6", [hex: :erlex, repo: "hexpm", optional: false]}], "hexpm", "07ea8e49c45f15264ebe6d5b93799d4dd56a44036cf42d0ad9c960bc266c0b9a"},
  "elixir_uuid": {:hex, :elixir_uuid, "1.2.1", "dce506597acb7e6b0daeaff52ff6a9043f5919a4c3315abb4143f0b00378c097", [:mix], [], "hexpm", "f7eba2ea6c3555cea09706492716b0d87397b88946e6380898c2889d68585752"},
  "erlex": {:hex, :erlex, "0.2.6", "c7987d15e899c7a2f34f5420d2a2ea0d659682c06ac607572df55a43753aa12e", [:mix], [], "hexpm", "2ed2e25711feb44d52b17d2780eabf998452f6efda104877a3881c2f8c0c0c75"},
  "ex_force": {:hex, :ex_force, "0.4.0", "ea969e7994ab2af923b7a41099a630ef483557a5feda3ddd354e131350cd3730", [:mix], [{:jason, "~> 1.0", [hex: :jason, repo: "hexpm", optional: false]}, {:tesla, "~> 1.3", [hex: :tesla, repo: "hexpm", optional: false]}], "hexpm", "7ba42c6945d9bea113612d6211bf52aa8685a98c65e75b0e53a01a680cd1c4d0"},
  "excoveralls": {:hex, :excoveralls, "0.14.0", "4b562d2acd87def01a3d1621e40037fdbf99f495ed3a8570dfcf1ab24e15f76d", [:mix], [{:hackney, "~> 1.16", [hex: :hackney, repo: "hexpm", optional: false]}, {:jason, "~> 1.0", [hex: :jason, repo: "hexpm", optional: false]}], "hexpm", "94f17478b0cca020bcd85ce7eafea82d2856f7ed022be777734a2f864d36091a"},
  "file_system": {:hex, :file_system, "0.2.10", "fb082005a9cd1711c05b5248710f8826b02d7d1784e7c3451f9c1231d4fc162d", [:mix], [], "hexpm", "41195edbfb562a593726eda3b3e8b103a309b733ad25f3d642ba49696bf715dc"},
  "gettext": {:hex, :gettext, "0.18.2", "7df3ea191bb56c0309c00a783334b288d08a879f53a7014341284635850a6e55", [:mix], [], "hexpm", "f9f537b13d4fdd30f3039d33cb80144c3aa1f8d9698e47d7bcbcc8df93b1f5c5"},
  "goodies": {:git, "https://github.com/bcredi/goodies.git", "1e03f14ee4e9302df33a366442b26f5d6d436fb6", []},
  "hackney": {:hex, :hackney, "1.17.4", "99da4674592504d3fb0cfef0db84c3ba02b4508bae2dff8c0108baa0d6e0977c", [:rebar3], [{:certifi, "~>2.6.1", [hex: :certifi, repo: "hexpm", optional: false]}, {:idna, "~>6.1.0", [hex: :idna, repo: "hexpm", optional: false]}, {:metrics, "~>1.0.0", [hex: :metrics, repo: "hexpm", optional: false]}, {:mimerl, "~>1.1", [hex: :mimerl, repo: "hexpm", optional: false]}, {:parse_trans, "3.3.1", [hex: :parse_trans, repo: "hexpm", optional: false]}, {:ssl_verify_fun, "~>1.1.0", [hex: :ssl_verify_fun, repo: "hexpm", optional: false]}, {:unicode_util_compat, "~>0.7.0", [hex: :unicode_util_compat, repo: "hexpm", optional: false]}], "hexpm", "de16ff4996556c8548d512f4dbe22dd58a587bf3332e7fd362430a7ef3986b16"},
  "idna": {:hex, :idna, "6.1.1", "8a63070e9f7d0c62eb9d9fcb360a7de382448200fbbd1b106cc96d3d8099df8d", [:rebar3], [{:unicode_util_compat, "~>0.7.0", [hex: :unicode_util_compat, repo: "hexpm", optional: false]}], "hexpm", "92376eb7894412ed19ac475e4a86f7b413c1b9fbb5bd16dccd57934157944cea"},
  "jason": {:hex, :jason, "1.2.2", "ba43e3f2709fd1aa1dce90aaabfd039d000469c05c56f0b8e31978e03fa39052", [:mix], [{:decimal, "~> 1.0 or ~> 2.0", [hex: :decimal, repo: "hexpm", optional: true]}], "hexpm", "18a228f5f0058ee183f29f9eae0805c6e59d61c3b006760668d8d18ff0d12179"},
  "jsx": {:hex, :jsx, "2.10.0", "77760560d6ac2b8c51fd4c980e9e19b784016aa70be354ce746472c33beb0b1c", [:rebar3], [], "hexpm", "9a83e3704807298016968db506f9fad0f027de37546eb838b3ae1064c3a0ad62"},
  "meck": {:hex, :meck, "0.9.2", "85ccbab053f1db86c7ca240e9fc718170ee5bda03810a6292b5306bf31bae5f5", [:rebar3], [], "hexpm", "81344f561357dc40a8344afa53767c32669153355b626ea9fcbc8da6b3045826"},
  "metrics": {:hex, :metrics, "1.0.1", "25f094dea2cda98213cecc3aeff09e940299d950904393b2a29d191c346a8486", [:rebar3], [], "hexpm", "69b09adddc4f74a40716ae54d140f93beb0fb8978d8636eaded0c31b6f099f16"},
  "mime": {:hex, :mime, "1.6.0", "dabde576a497cef4bbdd60aceee8160e02a6c89250d6c0b29e56c0dfb00db3d2", [:mix], [], "hexpm", "31a1a8613f8321143dde1dafc36006a17d28d02bdfecb9e95a880fa7aabd19a7"},
  "mimerl": {:hex, :mimerl, "1.2.0", "67e2d3f571088d5cfd3e550c383094b47159f3eee8ffa08e64106cdf5e981be3", [:rebar3], [], "hexpm", "f278585650aa581986264638ebf698f8bb19df297f66ad91b18910dfc6e19323"},
  "mock": {:hex, :mock, "0.3.7", "75b3bbf1466d7e486ea2052a73c6e062c6256fb429d6797999ab02fa32f29e03", [:mix], [{:meck, "~> 0.9.2", [hex: :meck, repo: "hexpm", optional: false]}], "hexpm", "4da49a4609e41fd99b7836945c26f373623ea968cfb6282742bcb94440cf7e5c"},
  "parse_trans": {:hex, :parse_trans, "3.3.1", "16328ab840cc09919bd10dab29e431da3af9e9e7e7e6f0089dd5a2d2820011d8", [:rebar3], [], "hexpm", "07cd9577885f56362d414e8c4c4e6bdf10d43a8767abb92d24cbe8b24c54888b"},
  "ssl_verify_fun": {:hex, :ssl_verify_fun, "1.1.6", "cf344f5692c82d2cd7554f5ec8fd961548d4fd09e7d22f5b62482e5aeaebd4b0", [:make, :mix, :rebar3], [], "hexpm", "bdb0d2471f453c88ff3908e7686f86f9be327d065cc1ec16fa4540197ea04680"},
  "telemetry": {:hex, :telemetry, "0.4.2", "2808c992455e08d6177322f14d3bdb6b625fbcfd233a73505870d8738a2f4599", [:rebar3], [], "hexpm", "2d1419bd9dda6a206d7b5852179511722e2b18812310d304620c7bd92a13fcef"},
  "tesla": {:hex, :tesla, "1.4.0", "1081bef0124b8bdec1c3d330bbe91956648fb008cf0d3950a369cda466a31a87", [:mix], [{:castore, "~> 0.1", [hex: :castore, repo: "hexpm", optional: true]}, {:exjsx, ">= 3.0.0", [hex: :exjsx, repo: "hexpm", optional: true]}, {:finch, "~> 0.3", [hex: :finch, repo: "hexpm", optional: true]}, {:fuse, "~> 2.4", [hex: :fuse, repo: "hexpm", optional: true]}, {:gun, "~> 1.3", [hex: :gun, repo: "hexpm", optional: true]}, {:hackney, "~> 1.6", [hex: :hackney, repo: "hexpm", optional: true]}, {:ibrowse, "~> 4.4.0", [hex: :ibrowse, repo: "hexpm", optional: true]}, {:jason, ">= 1.0.0", [hex: :jason, repo: "hexpm", optional: true]}, {:mime, "~> 1.0", [hex: :mime, repo: "hexpm", optional: false]}, {:mint, "~> 1.0", [hex: :mint, repo: "hexpm", optional: true]}, {:poison, ">= 1.0.0", [hex: :poison, repo: "hexpm", optional: true]}, {:telemetry, "~> 0.4", [hex: :telemetry, repo: "hexpm", optional: true]}], "hexpm", "bf1374a5569f5fca8e641363b63f7347d680d91388880979a33bc12a6eb3e0aa"},
  "timex": {:hex, :timex, "3.7.3", "df8a2ea814749d700d6878ab9eacac9fdb498ecee2f507cb0002ec172bc24d0f", [:mix], [{:combine, "~> 0.10", [hex: :combine, repo: "hexpm", optional: false]}, {:gettext, "~> 0.10", [hex: :gettext, repo: "hexpm", optional: false]}, {:tzdata, "~> 1.0", [hex: :tzdata, repo: "hexpm", optional: false]}], "hexpm", "8691c1d86ca3a7bc14a156e2199dc8927be95d1a8f0e3b69e4bb2d6262c53ac6"},
  "tzdata": {:hex, :tzdata, "1.1.0", "72f5babaa9390d0f131465c8702fa76da0919e37ba32baa90d93c583301a8359", [:mix], [{:hackney, "~> 1.17", [hex: :hackney, repo: "hexpm", optional: false]}], "hexpm", "18f453739b48d3dc5bcf0e8906d2dc112bb40baafe2c707596d89f3c8dd14034"},
  "unicode_util_compat": {:hex, :unicode_util_compat, "0.7.0", "bc84380c9ab48177092f43ac89e4dfa2c6d62b40b8bd132b1059ecc7232f9a78", [:rebar3], [], "hexpm", "25eee6d67df61960cf6a794239566599b09e17e668d3700247bc498638152521"},
}
